<?xml version="1.0" encoding="utf-8"?>
<Project ToolsVersion="4.0" xmlns="http://schemas.microsoft.com/developer/msbuild/2003">
  <ItemGroup>
    <Filter Include="Source Files">
      <UniqueIdentifier>{4FC737F1-C7A5-4376-A066-2A32D752A2FF}</UniqueIdentifier>
      <Extensions>cpp;c;cc;cxx;def;odl;idl;hpj;bat;asm;asmx</Extensions>
    </Filter>
    <Filter Include="Header Files">
      <UniqueIdentifier>{93995380-89BD-4b04-88EB-625FBE52EBFB}</UniqueIdentifier>
      <Extensions>h;hh;hpp;hxx;hm;inl;inc;ipp;xsd</Extensions>
    </Filter>
    <Filter Include="Resource Files">
      <UniqueIdentifier>{67DA6AB6-F800-4c08-8B7A-83BB121AAD01}</UniqueIdentifier>
      <Extensions>rc;ico;cur;bmp;dlg;rc2;rct;bin;rgs;gif;jpg;jpeg;jpe;resx;tiff;tif;png;wav;mfcribbon-ms</Extensions>
    </Filter>
  </ItemGroup>
  <ItemGroup>
    <ClInclude Include="pch.h">
      <Filter>Header Files</Filter>
    </ClInclude>
    <ClInclude Include="Obj.h">
      <Filter>Header Files</Filter>
    </ClInclude>
    <ClInclude Include="Unit.h">
      <Filter>Header Files</Filter>
    </ClInclude>
    <ClInclude Include="DynArr.h">
      <Filter>Header Files</Filter>
    </ClInclude>
    <ClInclude Include="Field.h">
      <Filter>Header Files</Filter>
    </ClInclude>
    <ClInclude Include="Queue.h">
      <Filter>Header Files</Filter>
    </ClInclude>
    <ClInclude Include="AStar.h">
      <Filter>Header Files</Filter>
    </ClInclude>
    <ClInclude Include="Console.h">
      <Filter>Header Files</Filter>
    </ClInclude>
    <ClInclude Include="Controller.h">
      <Filter>Header Files</Filter>
    </ClInclude>
    <ClInclude Include="Threadable.h">
      <Filter>Header Files</Filter>
    </ClInclude>
    <ClInclude Include="FastPath.h">
      <Filter>Header Files</Filter>
    </ClInclude>
    <ClInclude Include="ConsoleCommandController.h">
      <Filter>Header Files</Filter>
    </ClInclude>
    <ClInclude Include="Command_c.h">
      <Filter>Header Files</Filter>
    </ClInclude>
    <ClInclude Include="LiveUnit.h">
      <Filter>Header Files</Filter>
    </ClInclude>
    <ClInclude Include="ThreadDescriptor.h">
      <Filter>Header Files</Filter>
    </ClInclude>
    <ClInclude Include="EventHndlrTHREAD.h">
      <Filter>Header Files</Filter>
    </ClInclude>
    <ClInclude Include="ConsoleCommandControllerTHREAD.h">
      <Filter>Header Files</Filter>
    </ClInclude>
    <ClInclude Include="ScreenDrawindTHREAD.h">
      <Filter>Header Files</Filter>
    </ClInclude>
    <ClInclude Include="AttackTHREAD.h">
      <Filter>Header Files</Filter>
    </ClInclude>
    <ClInclude Include="Building.h">
      <Filter>Header Files</Filter>
    </ClInclude>
    <ClInclude Include="eventReturnData.h">
      <Filter>Header Files</Filter>
    </ClInclude>
    <ClInclude Include="ID.h">
      <Filter>Header Files</Filter>
    </ClInclude>
    <ClInclude Include="gameMaster.h">
      <Filter>Header Files</Filter>
    </ClInclude>
    <ClInclude Include="FileReader.h">
      <Filter>Header Files</Filter>
    </ClInclude>
    <ClInclude Include="ParserOut.h">
      <Filter>Header Files</Filter>
    </ClInclude>
    <ClInclude Include="FileParser.h">
      <Filter>Header Files</Filter>
    </ClInclude>
    <ClInclude Include="Spell.h">
      <Filter>Header Files</Filter>
    </ClInclude>
    <ClInclude Include="SearchTarget.h">
      <Filter>Header Files</Filter>
    </ClInclude>
    <ClInclude Include="UnitInterpretor.h">
      <Filter>Header Files</Filter>
    </ClInclude>
    <ClInclude Include="Exitcode.h">
      <Filter>Header Files</Filter>
    </ClInclude>
    <ClInclude Include="UnInSearchTargets.h">
      <Filter>Header Files</Filter>
    </ClInclude>
    <ClInclude Include="GameAlifeTHREAD.h">
      <Filter>Header Files</Filter>
    </ClInclude>
    <ClInclude Include="cordScr.h">
      <Filter>Header Files</Filter>
    </ClInclude>
    <ClInclude Include="FileWriter.h">
      <Filter>Header Files</Filter>
    </ClInclude>
    <ClInclude Include="Player.h">
      <Filter>Header Files</Filter>
    </ClInclude>
    <ClInclude Include="Resource.h">
      <Filter>Header Files</Filter>
    </ClInclude>
    <ClInclude Include="ConsoleCommandHandlerTHREAD.h">
      <Filter>Header Files</Filter>
    </ClInclude>
    <ClInclude Include="CommandPatterns.h">
      <Filter>Header Files</Filter>
    </ClInclude>
    <ClInclude Include="ConsoleCommandPattern.h">
      <Filter>Header Files</Filter>
    </ClInclude>
    <ClInclude Include="Exceptions.h">
      <Filter>Header Files</Filter>
    </ClInclude>
    <ClInclude Include="MultiTeamSelector.h">
      <Filter>Header Files</Filter>
    </ClInclude>
    <ClInclude Include="EventPattern.h">
      <Filter>Header Files</Filter>
    </ClInclude>
    <ClInclude Include="Eventable.h">
      <Filter>Header Files</Filter>
    </ClInclude>
    <ClInclude Include="Buffer2D.h">
      <Filter>Header Files</Filter>
    </ClInclude>
    <ClInclude Include="CScreen.h">
      <Filter>Header Files</Filter>
    </ClInclude>
    <ClInclude Include="CScreenPixel.h">
      <Filter>Header Files</Filter>
    </ClInclude>
    <ClInclude Include="Placable.h">
      <Filter>Header Files</Filter>
    </ClInclude>
    <ClInclude Include="Renderable.h">
      <Filter>Header Files</Filter>
    </ClInclude>
    <ClInclude Include="WColors.h">
      <Filter>Header Files</Filter>
    </ClInclude>
    <ClInclude Include="EV_CScreen.h">
      <Filter>Header Files</Filter>
    </ClInclude>
    <ClInclude Include="EV_CScreen_FPS.h">
      <Filter>Header Files</Filter>
    </ClInclude>
    <ClInclude Include="CS_Selector.h">
      <Filter>Header Files</Filter>
    </ClInclude>
    <ClInclude Include="EV_CScreen_Controlled.h">
      <Filter>Header Files</Filter>
    </ClInclude>
  </ItemGroup>
  <ItemGroup>
    <ClCompile Include="pch.cpp">
      <Filter>Source Files</Filter>
    </ClCompile>
    <ClCompile Include="WCIIRemake.cpp">
      <Filter>Source Files</Filter>
    </ClCompile>
    <ClCompile Include="Obj.cpp">
      <Filter>Source Files</Filter>
    </ClCompile>
    <ClCompile Include="Unit.cpp">
      <Filter>Source Files</Filter>
    </ClCompile>
    <ClCompile Include="DynArr.cpp">
      <Filter>Source Files</Filter>
    </ClCompile>
    <ClCompile Include="Field.cpp">
      <Filter>Source Files</Filter>
    </ClCompile>
    <ClCompile Include="Queue.cpp">
      <Filter>Source Files</Filter>
    </ClCompile>
    <ClCompile Include="AStar.cpp">
      <Filter>Source Files</Filter>
    </ClCompile>
    <ClCompile Include="Console.cpp">
      <Filter>Source Files</Filter>
    </ClCompile>
    <ClCompile Include="Controller.cpp">
      <Filter>Source Files</Filter>
    </ClCompile>
    <ClCompile Include="Threadable.cpp">
      <Filter>Source Files</Filter>
    </ClCompile>
    <ClCompile Include="FastPath.cpp">
      <Filter>Source Files</Filter>
    </ClCompile>
    <ClCompile Include="ConsoleCommandController.cpp">
      <Filter>Source Files</Filter>
    </ClCompile>
    <ClCompile Include="Command_c.cpp">
      <Filter>Source Files</Filter>
    </ClCompile>
    <ClCompile Include="LiveUnit.cpp">
      <Filter>Source Files</Filter>
    </ClCompile>
    <ClCompile Include="backup.cpp">
      <Filter>Source Files</Filter>
    </ClCompile>
    <ClCompile Include="ThreadDescriptor.cpp">
      <Filter>Source Files</Filter>
    </ClCompile>
    <ClCompile Include="EventHndlrTHREAD.cpp">
      <Filter>Source Files</Filter>
    </ClCompile>
    <ClCompile Include="ConsoleCommandControllerTHREAD.cpp">
      <Filter>Source Files</Filter>
    </ClCompile>
    <ClCompile Include="ScreenDrawindTHREAD.cpp">
      <Filter>Source Files</Filter>
    </ClCompile>
    <ClCompile Include="AttackTHREAD.cpp">
      <Filter>Source Files</Filter>
    </ClCompile>
    <ClCompile Include="Building.cpp">
      <Filter>Source Files</Filter>
    </ClCompile>
    <ClCompile Include="eventReturnData.cpp">
      <Filter>Source Files</Filter>
    </ClCompile>
    <ClCompile Include="gameMaster.cpp">
      <Filter>Source Files</Filter>
    </ClCompile>
    <ClCompile Include="FileReader.cpp">
      <Filter>Source Files</Filter>
    </ClCompile>
    <ClCompile Include="ParserOut.cpp">
      <Filter>Source Files</Filter>
    </ClCompile>
    <ClCompile Include="FileParser.cpp">
      <Filter>Source Files</Filter>
    </ClCompile>
    <ClCompile Include="Spell.cpp">
      <Filter>Source Files</Filter>
    </ClCompile>
    <ClCompile Include="SearchTarget.cpp">
      <Filter>Source Files</Filter>
    </ClCompile>
    <ClCompile Include="UnitInterpretor.cpp">
      <Filter>Source Files</Filter>
    </ClCompile>
    <ClCompile Include="UnInSearchTargets.cpp">
      <Filter>Source Files</Filter>
    </ClCompile>
    <ClCompile Include="Main.cpp">
      <Filter>Source Files</Filter>
    </ClCompile>
    <ClCompile Include="GameAlifeTHREAD.cpp">
      <Filter>Source Files</Filter>
    </ClCompile>
    <ClCompile Include="cordScr.cpp">
      <Filter>Source Files</Filter>
    </ClCompile>
    <ClCompile Include="FileWriter.cpp">
      <Filter>Source Files</Filter>
    </ClCompile>
    <ClCompile Include="Player.cpp">
      <Filter>Source Files</Filter>
    </ClCompile>
    <ClCompile Include="Resource.cpp">
      <Filter>Source Files</Filter>
    </ClCompile>
    <ClCompile Include="ConsoleCommandHandlerTHREAD.cpp">
      <Filter>Source Files</Filter>
    </ClCompile>
    <ClCompile Include="CommandPatterns.cpp">
      <Filter>Source Files</Filter>
    </ClCompile>
    <ClCompile Include="ConsoleCommandPattern.cpp">
      <Filter>Source Files</Filter>
    </ClCompile>
    <ClCompile Include="MultiTeamSelector.cpp">
      <Filter>Source Files</Filter>
    </ClCompile>
    <ClCompile Include="EventPattern.cpp">
      <Filter>Source Files</Filter>
    </ClCompile>
    <ClCompile Include="Eventable.cpp">
      <Filter>Source Files</Filter>
    </ClCompile>
    <ClCompile Include="Buffer2D.cpp">
      <Filter>Source Files</Filter>
    </ClCompile>
    <ClCompile Include="CScreen.cpp">
      <Filter>Source Files</Filter>
    </ClCompile>
    <ClCompile Include="CScreenPixel.cpp">
      <Filter>Source Files</Filter>
    </ClCompile>
    <ClCompile Include="Placable.cpp">
      <Filter>Source Files</Filter>
    </ClCompile>
    <ClCompile Include="Renderable.cpp">
      <Filter>Source Files</Filter>
    </ClCompile>
    <ClCompile Include="EV_CScreen.cpp">
      <Filter>Source Files</Filter>
    </ClCompile>
    <ClCompile Include="EV_CScreen_FPS.cpp">
      <Filter>Source Files</Filter>
    </ClCompile>
    <ClCompile Include="CS_Selector.cpp">
      <Filter>Source Files</Filter>
    </ClCompile>
    <ClCompile Include="EV_CScreen_Controlled.cpp">
      <Filter>Source Files</Filter>
    </ClCompile>
  </ItemGroup>
</Project>